
Microsoft Visual Studio Solution File, Format Version 12.00
# Visual Studio Version 16
VisualStudioVersion = 16.0.31105.61
MinimumVisualStudioVersion = 10.0.40219.1
Project("{888888A0-9F3D-457C-B088-3A5042F75D52}") = "File_Reader", "File_Reader.pyproj", "{DC22DA27-0BAA-4C65-A6EF-C863F2BFA855}"
EndProject
Global
	GlobalSection(SolutionConfigurationPlatforms) = preSolution
		Debug|Any CPU = Debug|Any CPU
		Release|Any CPU = Release|Any CPU
	EndGlobalSection
	GlobalSection(ProjectConfigurationPlatforms) = postSolution
		{DC22DA27-0BAA-4C65-A6EF-C863F2BFA855}.Debug|Any CPU.ActiveCfg = Debug|Any CPU
		{DC22DA27-0BAA-4C65-A6EF-C863F2BFA855}.Release|Any CPU.ActiveCfg = Release|Any CPU
	EndGlobalSection
	GlobalSection(SolutionProperties) = preSolution
		HideSolutionNode = FALSE
	EndGlobalSection
	GlobalSection(ExtensibilityGlobals) = postSolution
		SolutionGuid = {14D12FC4-E4BC-448B-87B2-1A943F9D747C}
	EndGlobalSection
EndGlobal
